
Microsoft Visual Studio Solution File, Format Version 12.00
# Visual Studio Version 17
VisualStudioVersion = 17.7.34031.279
MinimumVisualStudioVersion = 10.0.40219.1
Project("{9A19103F-16F7-4668-BE54-9A1E7A4F7556}") = "Primer_Parcial_Cuentas", "Primer_Parcial_Cuentas\Primer_Parcial_Cuentas.csproj", "{09376085-F8EF-4D2F-9C9C-BCD7B4E8DC91}"
	ProjectSection(ProjectDependencies) = postProject
		{B75222DD-A29F-471A-8804-6AA58778F034} = {B75222DD-A29F-471A-8804-6AA58778F034}
	EndProjectSection
EndProject
Project("{9A19103F-16F7-4668-BE54-9A1E7A4F7556}") = "Infraestructura", "Infraestructura\Infraestructura.csproj", "{2AC7D905-FF44-461D-80EA-D030C1F196D9}"
EndProject
Project("{9A19103F-16F7-4668-BE54-9A1E7A4F7556}") = "Servicios", "Servicios\Servicios.csproj", "{B75222DD-A29F-471A-8804-6AA58778F034}"
	ProjectSection(ProjectDependencies) = postProject
		{2AC7D905-FF44-461D-80EA-D030C1F196D9} = {2AC7D905-FF44-461D-80EA-D030C1F196D9}
	EndProjectSection
EndProject
Project("{9A19103F-16F7-4668-BE54-9A1E7A4F7556}") = "Segunda_Parcial_APIS_CuentasBD", "Segunda_Parcial_APIS_CuentasBD\Segunda_Parcial_APIS_CuentasBD.csproj", "{2DCB8938-FD62-4F5C-9E37-DE58C7949462}"
EndProject
Global
	GlobalSection(SolutionConfigurationPlatforms) = preSolution
		Debug|Any CPU = Debug|Any CPU
		Release|Any CPU = Release|Any CPU
	EndGlobalSection
	GlobalSection(ProjectConfigurationPlatforms) = postSolution
		{09376085-F8EF-4D2F-9C9C-BCD7B4E8DC91}.Debug|Any CPU.ActiveCfg = Debug|Any CPU
		{09376085-F8EF-4D2F-9C9C-BCD7B4E8DC91}.Debug|Any CPU.Build.0 = Debug|Any CPU
		{09376085-F8EF-4D2F-9C9C-BCD7B4E8DC91}.Release|Any CPU.ActiveCfg = Release|Any CPU
		{09376085-F8EF-4D2F-9C9C-BCD7B4E8DC91}.Release|Any CPU.Build.0 = Release|Any CPU
		{2AC7D905-FF44-461D-80EA-D030C1F196D9}.Debug|Any CPU.ActiveCfg = Debug|Any CPU
		{2AC7D905-FF44-461D-80EA-D030C1F196D9}.Debug|Any CPU.Build.0 = Debug|Any CPU
		{2AC7D905-FF44-461D-80EA-D030C1F196D9}.Release|Any CPU.ActiveCfg = Release|Any CPU
		{2AC7D905-FF44-461D-80EA-D030C1F196D9}.Release|Any CPU.Build.0 = Release|Any CPU
		{B75222DD-A29F-471A-8804-6AA58778F034}.Debug|Any CPU.ActiveCfg = Debug|Any CPU
		{B75222DD-A29F-471A-8804-6AA58778F034}.Debug|Any CPU.Build.0 = Debug|Any CPU
		{B75222DD-A29F-471A-8804-6AA58778F034}.Release|Any CPU.ActiveCfg = Release|Any CPU
		{B75222DD-A29F-471A-8804-6AA58778F034}.Release|Any CPU.Build.0 = Release|Any CPU
		{2DCB8938-FD62-4F5C-9E37-DE58C7949462}.Debug|Any CPU.ActiveCfg = Debug|Any CPU
		{2DCB8938-FD62-4F5C-9E37-DE58C7949462}.Debug|Any CPU.Build.0 = Debug|Any CPU
		{2DCB8938-FD62-4F5C-9E37-DE58C7949462}.Release|Any CPU.ActiveCfg = Release|Any CPU
		{2DCB8938-FD62-4F5C-9E37-DE58C7949462}.Release|Any CPU.Build.0 = Release|Any CPU
	EndGlobalSection
	GlobalSection(SolutionProperties) = preSolution
		HideSolutionNode = FALSE
	EndGlobalSection
	GlobalSection(ExtensibilityGlobals) = postSolution
		SolutionGuid = {AEC289C1-A66D-4347-A154-21CF51BBBF9F}
	EndGlobalSection
EndGlobal
